
Microsoft Visual Studio Solution File, Format Version 12.00
# Visual Studio Version 17
VisualStudioVersion = 17.14.36301.6 d17.14
MinimumVisualStudioVersion = 10.0.40219.1
Project("{FAE04EC0-301F-11D3-BF4B-00C04F79EFBC}") = "SocietyMng", "SocietyMng.csproj", "{1975B9F9-95A7-424B-BDC4-BDC52DA7B92F}"
EndProject
Global
	GlobalSection(SolutionConfigurationPlatforms) = preSolution
		Debug|Any CPU = Debug|Any CPU
		Release|Any CPU = Release|Any CPU
	EndGlobalSection
	GlobalSection(ProjectConfigurationPlatforms) = postSolution
		{1975B9F9-95A7-424B-BDC4-BDC52DA7B92F}.Debug|Any CPU.ActiveCfg = Debug|Any CPU
		{1975B9F9-95A7-424B-BDC4-BDC52DA7B92F}.Debug|Any CPU.Build.0 = Debug|Any CPU
		{1975B9F9-95A7-424B-BDC4-BDC52DA7B92F}.Release|Any CPU.ActiveCfg = Release|Any CPU
		{1975B9F9-95A7-424B-BDC4-BDC52DA7B92F}.Release|Any CPU.Build.0 = Release|Any CPU
	EndGlobalSection
	GlobalSection(SolutionProperties) = preSolution
		HideSolutionNode = FALSE
	EndGlobalSection
	GlobalSection(ExtensibilityGlobals) = postSolution
		SolutionGuid = {C5D11588-F07E-457B-9735-FA62312F3739}
	EndGlobalSection
EndGlobal
